
Microsoft Visual Studio Solution File, Format Version 12.00
# Visual Studio 14
VisualStudioVersion = 14.0.23107.0
MinimumVisualStudioVersion = 10.0.40219.1
Project("{2150E333-8FDC-42A3-9474-1A3956D46DE8}") = ".nuget", ".nuget", "{04FA1423-FFB3-444E-9008-8E5390B5E717}"
	ProjectSection(SolutionItems) = preProject
		.nuget\NuGet.targets = .nuget\NuGet.targets
	EndProjectSection
EndProject
Project("{FAE04EC0-301F-11D3-BF4B-00C04F79EFBC}") = "Nancy.ViewEngines.React", "Nancy.ViewEngines.React\Nancy.ViewEngines.React.csproj", "{921894ED-2DC3-422C-8ABC-0407D4D04A83}"
EndProject
Project("{FAE04EC0-301F-11D3-BF4B-00C04F79EFBC}") = "Nancy.ViewEngines.React.Example", "Nancy.ViewEngines.React.Example\Nancy.ViewEngines.React.Example.csproj", "{68FBCE3D-D9A1-4FCD-A59A-FB7B556D827E}"
EndProject
Project("{FAE04EC0-301F-11D3-BF4B-00C04F79EFBC}") = "Nancy.ViewEngines.React.Tests", "Nancy.ViewEngines.React.Tests\Nancy.ViewEngines.React.Tests.csproj", "{1DB25BF5-F80F-41A3-BABF-9BC49AC94986}"
EndProject
Global
	GlobalSection(SolutionConfigurationPlatforms) = preSolution
		Debug|Any CPU = Debug|Any CPU
		Release|Any CPU = Release|Any CPU
	EndGlobalSection
	GlobalSection(ProjectConfigurationPlatforms) = postSolution
		{921894ED-2DC3-422C-8ABC-0407D4D04A83}.Debug|Any CPU.ActiveCfg = Debug|Any CPU
		{921894ED-2DC3-422C-8ABC-0407D4D04A83}.Debug|Any CPU.Build.0 = Debug|Any CPU
		{921894ED-2DC3-422C-8ABC-0407D4D04A83}.Release|Any CPU.ActiveCfg = Release|Any CPU
		{921894ED-2DC3-422C-8ABC-0407D4D04A83}.Release|Any CPU.Build.0 = Release|Any CPU
		{68FBCE3D-D9A1-4FCD-A59A-FB7B556D827E}.Debug|Any CPU.ActiveCfg = Debug|Any CPU
		{68FBCE3D-D9A1-4FCD-A59A-FB7B556D827E}.Debug|Any CPU.Build.0 = Debug|Any CPU
		{68FBCE3D-D9A1-4FCD-A59A-FB7B556D827E}.Release|Any CPU.ActiveCfg = Release|Any CPU
		{68FBCE3D-D9A1-4FCD-A59A-FB7B556D827E}.Release|Any CPU.Build.0 = Release|Any CPU
		{1DB25BF5-F80F-41A3-BABF-9BC49AC94986}.Debug|Any CPU.ActiveCfg = Debug|Any CPU
		{1DB25BF5-F80F-41A3-BABF-9BC49AC94986}.Debug|Any CPU.Build.0 = Debug|Any CPU
		{1DB25BF5-F80F-41A3-BABF-9BC49AC94986}.Release|Any CPU.ActiveCfg = Release|Any CPU
		{1DB25BF5-F80F-41A3-BABF-9BC49AC94986}.Release|Any CPU.Build.0 = Release|Any CPU
	EndGlobalSection
	GlobalSection(SolutionProperties) = preSolution
		HideSolutionNode = FALSE
	EndGlobalSection
EndGlobal
